# @generated by Move, please check-in and do not edit manually.

[move]
version = 3
manifest_digest = "720582D59797E2B441B25C14DCFB73DEBB6447096D470C9272CA9B2CADFE0871"
deps_digest = "F8BBB0CCB2491CA29A3DF03D6F92277A4F3574266507ACD77214D37ECA3F3082"
dependencies = [
  { id = "Sui", name = "Sui" },
]

[[move.package]]
id = "MoveStdlib"
source = { git = "https://github.com/MystenLabs/sui.git", rev = "framework/testnet", subdir = "crates/sui-framework/packages/move-stdlib" }

[[move.package]]
id = "Sui"
source = { git = "https://github.com/MystenLabs/sui.git", rev = "framework/testnet", subdir = "crates/sui-framework/packages/sui-framework" }

dependencies = [
  { id = "MoveStdlib", name = "MoveStdlib" },
]

[move.toolchain-version]
compiler-version = "1.43.0"
edition = "2024.beta"
flavor = "sui"

[env]

[env.testnet]
chain-id = "4c78adac"
original-published-id = "0x4b344f8b316f0c7cd70941a1ff750d91ae703384c512e6f0de26e1f6b7b77357"
latest-published-id = "0x4b344f8b316f0c7cd70941a1ff750d91ae703384c512e6f0de26e1f6b7b77357"
published-version = "1"
